
Microsoft Visual Studio Solution File, Format Version 12.00
# Visual Studio Version 16
VisualStudioVersion = 16.0.30011.22
MinimumVisualStudioVersion = 10.0.40219.1
Project("{888888A0-9F3D-457C-B088-3A5042F75D52}") = "PythonApplication_Crawling", "PythonApplication_Crawling.pyproj", "{5681788A-F6BB-45F7-A79A-C9B4F00C89E8}"
EndProject
Global
	GlobalSection(SolutionConfigurationPlatforms) = preSolution
		Debug|Any CPU = Debug|Any CPU
		Release|Any CPU = Release|Any CPU
	EndGlobalSection
	GlobalSection(ProjectConfigurationPlatforms) = postSolution
		{5681788A-F6BB-45F7-A79A-C9B4F00C89E8}.Debug|Any CPU.ActiveCfg = Debug|Any CPU
		{5681788A-F6BB-45F7-A79A-C9B4F00C89E8}.Release|Any CPU.ActiveCfg = Release|Any CPU
	EndGlobalSection
	GlobalSection(SolutionProperties) = preSolution
		HideSolutionNode = FALSE
	EndGlobalSection
	GlobalSection(ExtensibilityGlobals) = postSolution
		SolutionGuid = {97998A5C-CDDA-415D-959E-42B6946605C3}
	EndGlobalSection
EndGlobal
